
Microsoft Visual Studio Solution File, Format Version 12.00
# Visual Studio 2013
VisualStudioVersion = 12.0.31101.0
MinimumVisualStudioVersion = 10.0.40219.1
Project("{FAE04EC0-301F-11D3-BF4B-00C04F79EFBC}") = "MVC_BathCompareSIte", "MVC_BathCompareSIte\MVC_BathCompareSIte.csproj", "{FC1497B7-2225-44A8-BCDD-D24A3D708A39}"
EndProject
Project("{FAE04EC0-301F-11D3-BF4B-00C04F79EFBC}") = "MVC_BathCompareSIte.Tests", "MVC_BathCompareSIte.Tests\MVC_BathCompareSIte.Tests.csproj", "{AF0C5867-C3DA-4F66-98B3-14CF2C8C150B}"
EndProject
Global
	GlobalSection(SolutionConfigurationPlatforms) = preSolution
		Debug|Any CPU = Debug|Any CPU
		Release|Any CPU = Release|Any CPU
	EndGlobalSection
	GlobalSection(ProjectConfigurationPlatforms) = postSolution
		{FC1497B7-2225-44A8-BCDD-D24A3D708A39}.Debug|Any CPU.ActiveCfg = Debug|Any CPU
		{FC1497B7-2225-44A8-BCDD-D24A3D708A39}.Debug|Any CPU.Build.0 = Debug|Any CPU
		{FC1497B7-2225-44A8-BCDD-D24A3D708A39}.Release|Any CPU.ActiveCfg = Release|Any CPU
		{FC1497B7-2225-44A8-BCDD-D24A3D708A39}.Release|Any CPU.Build.0 = Release|Any CPU
		{AF0C5867-C3DA-4F66-98B3-14CF2C8C150B}.Debug|Any CPU.ActiveCfg = Debug|Any CPU
		{AF0C5867-C3DA-4F66-98B3-14CF2C8C150B}.Debug|Any CPU.Build.0 = Debug|Any CPU
		{AF0C5867-C3DA-4F66-98B3-14CF2C8C150B}.Release|Any CPU.ActiveCfg = Release|Any CPU
		{AF0C5867-C3DA-4F66-98B3-14CF2C8C150B}.Release|Any CPU.Build.0 = Release|Any CPU
	EndGlobalSection
	GlobalSection(SolutionProperties) = preSolution
		HideSolutionNode = FALSE
	EndGlobalSection
EndGlobal
